{
  "name": "tp-1-node",
  "version": "1.0.0",
  "lockfileVersion": 2,
  "requires": true,
  "packages": {
    "": {
      "name": "tp-1-node",
      "version": "1.0.0",
      "license": "ISC",
      "dependencies": {
        "countries-list": "^2.6.1",
        "fs": "^0.0.1-security"
      }
    },
    "node_modules/countries-list": {
      "version": "2.6.1",
      "resolved": "https://registry.npmjs.org/countries-list/-/countries-list-2.6.1.tgz",
      "integrity": "sha512-jXM1Nv3U56dPQ1DsUSsEaGmLHburo4fnB7m+1yhWDUVvx5gXCd1ok/y3gXCjXzhqyawG+igcPYcAl4qjkvopaQ=="
    },
    "node_modules/fs": {
      "version": "0.0.1-security",
      "resolved": "https://registry.npmjs.org/fs/-/fs-0.0.1-security.tgz",
      "integrity": "sha512-3XY9e1pP0CVEUCdj5BmfIZxRBTSDycnbqhIOGec9QYtmVH2fbLpj86CFWkrNOkt/Fvty4KZG5lTglL9j/gJ87w=="
    }
  },
  "dependencies": {
    "countries-list": {
      "version": "2.6.1",
      "resolved": "https://registry.npmjs.org/countries-list/-/countries-list-2.6.1.tgz",
      "integrity": "sha512-jXM1Nv3U56dPQ1DsUSsEaGmLHburo4fnB7m+1yhWDUVvx5gXCd1ok/y3gXCjXzhqyawG+igcPYcAl4qjkvopaQ=="
    },
    "fs": {
      "version": "0.0.1-security",
      "resolved": "https://registry.npmjs.org/fs/-/fs-0.0.1-security.tgz",
      "integrity": "sha512-3XY9e1pP0CVEUCdj5BmfIZxRBTSDycnbqhIOGec9QYtmVH2fbLpj86CFWkrNOkt/Fvty4KZG5lTglL9j/gJ87w=="
    }
  }
}
